
Microsoft Visual Studio Solution File, Format Version 12.00
# Visual Studio Version 17
VisualStudioVersion = 17.2.32505.173
MinimumVisualStudioVersion = 10.0.40219.1
Project("{FAE04EC0-301F-11D3-BF4B-00C04F79EFBC}") = "Bai1", "Bai1\Bai1.csproj", "{6DCD150D-030B-4AE6-92EE-202A6FBB8635}"
EndProject
Global
	GlobalSection(SolutionConfigurationPlatforms) = preSolution
		Debug|Any CPU = Debug|Any CPU
		Release|Any CPU = Release|Any CPU
	EndGlobalSection
	GlobalSection(ProjectConfigurationPlatforms) = postSolution
		{6DCD150D-030B-4AE6-92EE-202A6FBB8635}.Debug|Any CPU.ActiveCfg = Debug|Any CPU
		{6DCD150D-030B-4AE6-92EE-202A6FBB8635}.Debug|Any CPU.Build.0 = Debug|Any CPU
		{6DCD150D-030B-4AE6-92EE-202A6FBB8635}.Release|Any CPU.ActiveCfg = Release|Any CPU
		{6DCD150D-030B-4AE6-92EE-202A6FBB8635}.Release|Any CPU.Build.0 = Release|Any CPU
	EndGlobalSection
	GlobalSection(SolutionProperties) = preSolution
		HideSolutionNode = FALSE
	EndGlobalSection
	GlobalSection(ExtensibilityGlobals) = postSolution
		SolutionGuid = {62F5224D-FA45-46A0-BA7D-DD8FCC9C89B2}
	EndGlobalSection
EndGlobal
