
Microsoft Visual Studio Solution File, Format Version 12.00
# Visual Studio Version 17
VisualStudioVersion = 17.2.32505.173
MinimumVisualStudioVersion = 10.0.40219.1
Project("{FAE04EC0-301F-11D3-BF4B-00C04F79EFBC}") = "bai5", "bai5\bai5.csproj", "{9CBD2E5D-08A7-44AB-BDEF-528C935DD701}"
EndProject
Global
	GlobalSection(SolutionConfigurationPlatforms) = preSolution
		Debug|Any CPU = Debug|Any CPU
		Release|Any CPU = Release|Any CPU
	EndGlobalSection
	GlobalSection(ProjectConfigurationPlatforms) = postSolution
		{9CBD2E5D-08A7-44AB-BDEF-528C935DD701}.Debug|Any CPU.ActiveCfg = Debug|Any CPU
		{9CBD2E5D-08A7-44AB-BDEF-528C935DD701}.Debug|Any CPU.Build.0 = Debug|Any CPU
		{9CBD2E5D-08A7-44AB-BDEF-528C935DD701}.Release|Any CPU.ActiveCfg = Release|Any CPU
		{9CBD2E5D-08A7-44AB-BDEF-528C935DD701}.Release|Any CPU.Build.0 = Release|Any CPU
	EndGlobalSection
	GlobalSection(SolutionProperties) = preSolution
		HideSolutionNode = FALSE
	EndGlobalSection
	GlobalSection(ExtensibilityGlobals) = postSolution
		SolutionGuid = {8EFD80C4-CA00-4763-B0C6-3BBD1393AFA6}
	EndGlobalSection
EndGlobal
