
Microsoft Visual Studio Solution File, Format Version 12.00
# Visual Studio 2013
VisualStudioVersion = 12.0.21005.1
MinimumVisualStudioVersion = 10.0.40219.1
Project("{FAE04EC0-301F-11D3-BF4B-00C04F79EFBC}") = "bai1", "bai1\bai1.csproj", "{1D2618E8-3D2D-481B-9E59-E4EAB67713BE}"
EndProject
Project("{FAE04EC0-301F-11D3-BF4B-00C04F79EFBC}") = "bai2", "bai2\bai2.csproj", "{070C26F2-ACC2-4450-9751-F16CA79D03B1}"
EndProject
Project("{FAE04EC0-301F-11D3-BF4B-00C04F79EFBC}") = "bai3", "bai3\bai3.csproj", "{53AA1866-27E5-4A5A-B8D2-C23FE9358C75}"
EndProject
Project("{FAE04EC0-301F-11D3-BF4B-00C04F79EFBC}") = "bai4", "bai4\bai4.csproj", "{4557381B-A97D-42E5-BD18-38D2A1BC433A}"
EndProject
Global
	GlobalSection(SolutionConfigurationPlatforms) = preSolution
		Debug|Any CPU = Debug|Any CPU
		Release|Any CPU = Release|Any CPU
	EndGlobalSection
	GlobalSection(ProjectConfigurationPlatforms) = postSolution
		{1D2618E8-3D2D-481B-9E59-E4EAB67713BE}.Debug|Any CPU.ActiveCfg = Debug|Any CPU
		{1D2618E8-3D2D-481B-9E59-E4EAB67713BE}.Debug|Any CPU.Build.0 = Debug|Any CPU
		{1D2618E8-3D2D-481B-9E59-E4EAB67713BE}.Release|Any CPU.ActiveCfg = Release|Any CPU
		{1D2618E8-3D2D-481B-9E59-E4EAB67713BE}.Release|Any CPU.Build.0 = Release|Any CPU
		{070C26F2-ACC2-4450-9751-F16CA79D03B1}.Debug|Any CPU.ActiveCfg = Debug|Any CPU
		{070C26F2-ACC2-4450-9751-F16CA79D03B1}.Debug|Any CPU.Build.0 = Debug|Any CPU
		{070C26F2-ACC2-4450-9751-F16CA79D03B1}.Release|Any CPU.ActiveCfg = Release|Any CPU
		{070C26F2-ACC2-4450-9751-F16CA79D03B1}.Release|Any CPU.Build.0 = Release|Any CPU
		{53AA1866-27E5-4A5A-B8D2-C23FE9358C75}.Debug|Any CPU.ActiveCfg = Debug|Any CPU
		{53AA1866-27E5-4A5A-B8D2-C23FE9358C75}.Debug|Any CPU.Build.0 = Debug|Any CPU
		{53AA1866-27E5-4A5A-B8D2-C23FE9358C75}.Release|Any CPU.ActiveCfg = Release|Any CPU
		{53AA1866-27E5-4A5A-B8D2-C23FE9358C75}.Release|Any CPU.Build.0 = Release|Any CPU
		{4557381B-A97D-42E5-BD18-38D2A1BC433A}.Debug|Any CPU.ActiveCfg = Debug|Any CPU
		{4557381B-A97D-42E5-BD18-38D2A1BC433A}.Debug|Any CPU.Build.0 = Debug|Any CPU
		{4557381B-A97D-42E5-BD18-38D2A1BC433A}.Release|Any CPU.ActiveCfg = Release|Any CPU
		{4557381B-A97D-42E5-BD18-38D2A1BC433A}.Release|Any CPU.Build.0 = Release|Any CPU
	EndGlobalSection
	GlobalSection(SolutionProperties) = preSolution
		HideSolutionNode = FALSE
	EndGlobalSection
EndGlobal
