
Microsoft Visual Studio Solution File, Format Version 12.00
# Visual Studio Version 17
VisualStudioVersion = 17.2.32505.173
MinimumVisualStudioVersion = 10.0.40219.1
Project("{FAE04EC0-301F-11D3-BF4B-00C04F79EFBC}") = "bai4", "bai4\bai4.csproj", "{D2EBAA49-E382-4D7F-B7FC-335F2B15F8EA}"
EndProject
Global
	GlobalSection(SolutionConfigurationPlatforms) = preSolution
		Debug|Any CPU = Debug|Any CPU
		Release|Any CPU = Release|Any CPU
	EndGlobalSection
	GlobalSection(ProjectConfigurationPlatforms) = postSolution
		{D2EBAA49-E382-4D7F-B7FC-335F2B15F8EA}.Debug|Any CPU.ActiveCfg = Debug|Any CPU
		{D2EBAA49-E382-4D7F-B7FC-335F2B15F8EA}.Debug|Any CPU.Build.0 = Debug|Any CPU
		{D2EBAA49-E382-4D7F-B7FC-335F2B15F8EA}.Release|Any CPU.ActiveCfg = Release|Any CPU
		{D2EBAA49-E382-4D7F-B7FC-335F2B15F8EA}.Release|Any CPU.Build.0 = Release|Any CPU
	EndGlobalSection
	GlobalSection(SolutionProperties) = preSolution
		HideSolutionNode = FALSE
	EndGlobalSection
	GlobalSection(ExtensibilityGlobals) = postSolution
		SolutionGuid = {D5F91560-F518-4E07-9547-05C9D651D886}
	EndGlobalSection
EndGlobal
